
Microsoft Visual Studio Solution File, Format Version 12.00
# Visual Studio Version 17
VisualStudioVersion = 17.8.34330.188
MinimumVisualStudioVersion = 10.0.40219.1
Project("{FAE04EC0-301F-11D3-BF4B-00C04F79EFBC}") = "BT2_MauThietKe", "BT2_MauThietKe\BT2_MauThietKe.csproj", "{97112CFC-7868-4349-B87E-CAEF2B230EC6}"
EndProject
Global
	GlobalSection(SolutionConfigurationPlatforms) = preSolution
		Debug|Any CPU = Debug|Any CPU
		Release|Any CPU = Release|Any CPU
	EndGlobalSection
	GlobalSection(ProjectConfigurationPlatforms) = postSolution
		{97112CFC-7868-4349-B87E-CAEF2B230EC6}.Debug|Any CPU.ActiveCfg = Debug|Any CPU
		{97112CFC-7868-4349-B87E-CAEF2B230EC6}.Debug|Any CPU.Build.0 = Debug|Any CPU
		{97112CFC-7868-4349-B87E-CAEF2B230EC6}.Release|Any CPU.ActiveCfg = Release|Any CPU
		{97112CFC-7868-4349-B87E-CAEF2B230EC6}.Release|Any CPU.Build.0 = Release|Any CPU
	EndGlobalSection
	GlobalSection(SolutionProperties) = preSolution
		HideSolutionNode = FALSE
	EndGlobalSection
	GlobalSection(ExtensibilityGlobals) = postSolution
		SolutionGuid = {33E1AF45-F17D-4D1F-BC85-875F4EEADABB}
	EndGlobalSection
EndGlobal
